// !$*UTF8*$!
{
	archiveVersion = 1;
	classes = {
	};
	objectVersion = 50;
	objects = {

/* Begin PBXBuildFile section */
		59761C21208F607C009BF2A9 /* AppDelegate.swift in Sources */ = {isa = PBXBuildFile; fileRef = 59761C20208F607C009BF2A9 /* AppDelegate.swift */; };
		59761C23208F607C009BF2A9 /* ViewController.swift in Sources */ = {isa = PBXBuildFile; fileRef = 59761C22208F607C009BF2A9 /* ViewController.swift */; };
		59761C26208F607C009BF2A9 /* Main.storyboard in Resources */ = {isa = PBXBuildFile; fileRef = 59761C24208F607C009BF2A9 /* Main.storyboard */; };
		59761C29208F607C009BF2A9 /* AlamofireLab.xcdatamodeld in Sources */ = {isa = PBXBuildFile; fileRef = 59761C27208F607C009BF2A9 /* AlamofireLab.xcdatamodeld */; };
		59761C2B208F607D009BF2A9 /* Assets.xcassets in Resources */ = {isa = PBXBuildFile; fileRef = 59761C2A208F607D009BF2A9 /* Assets.xcassets */; };
		59761C2E208F607D009BF2A9 /* LaunchScreen.storyboard in Resources */ = {isa = PBXBuildFile; fileRef = 59761C2C208F607D009BF2A9 /* LaunchScreen.storyboard */; };
		59761C36208F6542009BF2A9 /* SongResults.swift in Sources */ = {isa = PBXBuildFile; fileRef = 59761C35208F6542009BF2A9 /* SongResults.swift */; };
		B4498518E67AADEEAE563161 /* Pods_AlamofireLab.framework in Frameworks */ = {isa = PBXBuildFile; fileRef = EAE9AF28A563D71A16409B93 /* Pods_AlamofireLab.framework */; };
/* End PBXBuildFile section */

/* Begin PBXFileReference section */
		59761C1D208F607C009BF2A9 /* AlamofireLab.app */ = {isa = PBXFileReference; explicitFileType = wrapper.application; includeInIndex = 0; path = AlamofireLab.app; sourceTree = BUILT_PRODUCTS_DIR; };
		59761C20208F607C009BF2A9 /* AppDelegate.swift */ = {isa = PBXFileReference; lastKnownFileType = sourcecode.swift; path = AppDelegate.swift; sourceTree = "<group>"; };
		59761C22208F607C009BF2A9 /* ViewController.swift */ = {isa = PBXFileReference; lastKnownFileType = sourcecode.swift; path = ViewController.swift; sourceTree = "<group>"; };
		59761C25208F607C009BF2A9 /* Base */ = {isa = PBXFileReference; lastKnownFileType = file.storyboard; name = Base; path = Base.lproj/Main.storyboard; sourceTree = "<group>"; };
		59761C28208F607C009BF2A9 /* AlamofireLab.xcdatamodel */ = {isa = PBXFileReference; lastKnownFileType = wrapper.xcdatamodel; path = AlamofireLab.xcdatamodel; sourceTree = "<group>"; };
		59761C2A208F607D009BF2A9 /* Assets.xcassets */ = {isa = PBXFileReference; lastKnownFileType = folder.assetcatalog; path = Assets.xcassets; sourceTree = "<group>"; };
		59761C2D208F607D009BF2A9 /* Base */ = {isa = PBXFileReference; lastKnownFileType = file.storyboard; name = Base; path = Base.lproj/LaunchScreen.storyboard; sourceTree = "<group>"; };
		59761C2F208F607D009BF2A9 /* Info.plist */ = {isa = PBXFileReference; lastKnownFileType = text.plist.xml; path = Info.plist; sourceTree = "<group>"; };
		59761C35208F6542009BF2A9 /* SongResults.swift */ = {isa = PBXFileReference; lastKnownFileType = sourcecode.swift; path = SongResults.swift; sourceTree = "<group>"; };
		69E3DFED8C372AFE8CC38FEE /* Pods-AlamofireLab.debug.xcconfig */ = {isa = PBXFileReference; includeInIndex = 1; lastKnownFileType = text.xcconfig; name = "Pods-AlamofireLab.debug.xcconfig"; path = "Pods/Target Support Files/Pods-AlamofireLab/Pods-AlamofireLab.debug.xcconfig"; sourceTree = "<group>"; };
		EAE9AF28A563D71A16409B93 /* Pods_AlamofireLab.framework */ = {isa = PBXFileReference; explicitFileType = wrapper.framework; includeInIndex = 0; path = Pods_AlamofireLab.framework; sourceTree = BUILT_PRODUCTS_DIR; };
		F0888C4D33CF66434E3ADCA9 /* Pods-AlamofireLab.release.xcconfig */ = {isa = PBXFileReference; includeInIndex = 1; lastKnownFileType = text.xcconfig; name = "Pods-AlamofireLab.release.xcconfig"; path = "Pods/Target Support Files/Pods-AlamofireLab/Pods-AlamofireLab.release.xcconfig"; sourceTree = "<group>"; };
/* End PBXFileReference section */

/* Begin PBXFrameworksBuildPhase section */
		59761C1A208F607C009BF2A9 /* Frameworks */ = {
			isa = PBXFrameworksBuildPhase;
			buildActionMask = 2147483647;
			files = (
				B4498518E67AADEEAE563161 /* Pods_AlamofireLab.framework in Frameworks */,
			);
			runOnlyForDeploymentPostprocessing = 0;
		};
/* End PBXFrameworksBuildPhase section */

/* Begin PBXGroup section */
		59761C14208F607C009BF2A9 = {
			isa = PBXGroup;
			children = (
				59761C1F208F607C009BF2A9 /* AlamofireLab */,
				59761C1E208F607C009BF2A9 /* Products */,
				A36CE34912C3BD4B55D98273 /* Pods */,
				F1FC3BB35A182A1A9B759AD8 /* Frameworks */,
			);
			sourceTree = "<group>";
		};
		59761C1E208F607C009BF2A9 /* Products */ = {
			isa = PBXGroup;
			children = (
				59761C1D208F607C009BF2A9 /* AlamofireLab.app */,
			);
			name = Products;
			sourceTree = "<group>";
		};
		59761C1F208F607C009BF2A9 /* AlamofireLab */ = {
			isa = PBXGroup;
			children = (
				59761C20208F607C009BF2A9 /* AppDelegate.swift */,
				59761C22208F607C009BF2A9 /* ViewController.swift */,
				59761C24208F607C009BF2A9 /* Main.storyboard */,
				59761C2A208F607D009BF2A9 /* Assets.xcassets */,
				59761C2C208F607D009BF2A9 /* LaunchScreen.storyboard */,
				59761C2F208F607D009BF2A9 /* Info.plist */,
				59761C27208F607C009BF2A9 /* AlamofireLab.xcdatamodeld */,
				59761C35208F6542009BF2A9 /* SongResults.swift */,
			);
			path = AlamofireLab;
			sourceTree = "<group>";
		};
		A36CE34912C3BD4B55D98273 /* Pods */ = {
			isa = PBXGroup;
			children = (
				69E3DFED8C372AFE8CC38FEE /* Pods-AlamofireLab.debug.xcconfig */,
				F0888C4D33CF66434E3ADCA9 /* Pods-AlamofireLab.release.xcconfig */,
			);
			name = Pods;
			sourceTree = "<group>";
		};
		F1FC3BB35A182A1A9B759AD8 /* Frameworks */ = {
			isa = PBXGroup;
			children = (
				EAE9AF28A563D71A16409B93 /* Pods_AlamofireLab.framework */,
			);
			name = Frameworks;
			sourceTree = "<group>";
		};
/* End PBXGroup section */

/* Begin PBXNativeTarget section */
		59761C1C208F607C009BF2A9 /* AlamofireLab */ = {
			isa = PBXNativeTarget;
			buildConfigurationList = 59761C32208F607D009BF2A9 /* Build configuration list for PBXNativeTarget "AlamofireLab" */;
			buildPhases = (
				5F1877D525678539B6904484 /* [CP] Check Pods Manifest.lock */,
				59761C19208F607C009BF2A9 /* Sources */,
				59761C1A208F607C009BF2A9 /* Frameworks */,
				59761C1B208F607C009BF2A9 /* Resources */,
				EEA4C946E9182B6E305617CC /* [CP] Embed Pods Frameworks */,
				240056FB1A5E8A3625E81597 /* [CP] Copy Pods Resources */,
			);
			buildRules = (
			);
			dependencies = (
			);
			name = AlamofireLab;
			productName = AlamofireLab;
			productReference = 59761C1D208F607C009BF2A9 /* AlamofireLab.app */;
			productType = "com.apple.product-type.application";
		};
/* End PBXNativeTarget section */

/* Begin PBXProject section */
		59761C15208F607C009BF2A9 /* Project object */ = {
			isa = PBXProject;
			attributes = {
				LastSwiftUpdateCheck = 0930;
				LastUpgradeCheck = 0930;
				ORGANIZATIONNAME = "Allen Huang";
				TargetAttributes = {
					59761C1C208F607C009BF2A9 = {
						CreatedOnToolsVersion = 9.3;
					};
				};
			};
			buildConfigurationList = 59761C18208F607C009BF2A9 /* Build configuration list for PBXProject "AlamofireLab" */;
			compatibilityVersion = "Xcode 9.3";
			developmentRegion = en;
			hasScannedForEncodings = 0;
			knownRegions = (
				en,
				Base,
			);
			mainGroup = 59761C14208F607C009BF2A9;
			productRefGroup = 59761C1E208F607C009BF2A9 /* Products */;
			projectDirPath = "";
			projectRoot = "";
			targets = (
				59761C1C208F607C009BF2A9 /* AlamofireLab */,
			);
		};
/* End PBXProject section */

/* Begin PBXResourcesBuildPhase section */
		59761C1B208F607C009BF2A9 /* Resources */ = {
			isa = PBXResourcesBuildPhase;
			buildActionMask = 2147483647;
			files = (
				59761C2E208F607D009BF2A9 /* LaunchScreen.storyboard in Resources */,
				59761C2B208F607D009BF2A9 /* Assets.xcassets in Resources */,
				59761C26208F607C009BF2A9 /* Main.storyboard in Resources */,
			);
			runOnlyForDeploymentPostprocessing = 0;
		};
/* End PBXResourcesBuildPhase section */

/* Begin PBXShellScriptBuildPhase section */
		240056FB1A5E8A3625E81597 /* [CP] Copy Pods Resources */ = {
			isa = PBXShellScriptBuildPhase;
			buildActionMask = 2147483647;
			files = (
			);
			inputPaths = (
			);
			name = "[CP] Copy Pods Resources";
			outputPaths = (
			);
			runOnlyForDeploymentPostprocessing = 0;
			shellPath = /bin/sh;
			shellScript = "\"${SRCROOT}/Pods/Target Support Files/Pods-AlamofireLab/Pods-AlamofireLab-resources.sh\"\n";
			showEnvVarsInLog = 0;
		};
		5F1877D525678539B6904484 /* [CP] Check Pods Manifest.lock */ = {
			isa = PBXShellScriptBuildPhase;
			buildActionMask = 2147483647;
			files = (
			);
			inputPaths = (
				"${PODS_PODFILE_DIR_PATH}/Podfile.lock",
				"${PODS_ROOT}/Manifest.lock",
			);
			name = "[CP] Check Pods Manifest.lock";
			outputPaths = (
				"$(DERIVED_FILE_DIR)/Pods-AlamofireLab-checkManifestLockResult.txt",
			);
			runOnlyForDeploymentPostprocessing = 0;
			shellPath = /bin/sh;
			shellScript = "diff \"${PODS_PODFILE_DIR_PATH}/Podfile.lock\" \"${PODS_ROOT}/Manifest.lock\" > /dev/null\nif [ $? != 0 ] ; then\n    # print error to STDERR\n    echo \"error: The sandbox is not in sync with the Podfile.lock. Run 'pod install' or update your CocoaPods installation.\" >&2\n    exit 1\nfi\n# This output is used by Xcode 'outputs' to avoid re-running this script phase.\necho \"SUCCESS\" > \"${SCRIPT_OUTPUT_FILE_0}\"\n";
			showEnvVarsInLog = 0;
		};
		EEA4C946E9182B6E305617CC /* [CP] Embed Pods Frameworks */ = {
			isa = PBXShellScriptBuildPhase;
			buildActionMask = 2147483647;
			files = (
			);
			inputPaths = (
				"${SRCROOT}/Pods/Target Support Files/Pods-AlamofireLab/Pods-AlamofireLab-frameworks.sh",
				"${BUILT_PRODUCTS_DIR}/Alamofire/Alamofire.framework",
			);
			name = "[CP] Embed Pods Frameworks";
			outputPaths = (
				"${TARGET_BUILD_DIR}/${FRAMEWORKS_FOLDER_PATH}/Alamofire.framework",
			);
			runOnlyForDeploymentPostprocessing = 0;
			shellPath = /bin/sh;
			shellScript = "\"${SRCROOT}/Pods/Target Support Files/Pods-AlamofireLab/Pods-AlamofireLab-frameworks.sh\"\n";
			showEnvVarsInLog = 0;
		};
/* End PBXShellScriptBuildPhase section */

/* Begin PBXSourcesBuildPhase section */
		59761C19208F607C009BF2A9 /* Sources */ = {
			isa = PBXSourcesBuildPhase;
			buildActionMask = 2147483647;
			files = (
				59761C36208F6542009BF2A9 /* SongResults.swift in Sources */,
				59761C29208F607C009BF2A9 /* AlamofireLab.xcdatamodeld in Sources */,
				59761C23208F607C009BF2A9 /* ViewController.swift in Sources */,
				59761C21208F607C009BF2A9 /* AppDelegate.swift in Sources */,
			);
			runOnlyForDeploymentPostprocessing = 0;
		};
/* End PBXSourcesBuildPhase section */

/* Begin PBXVariantGroup section */
		59761C24208F607C009BF2A9 /* Main.storyboard */ = {
			isa = PBXVariantGroup;
			children = (
				59761C25208F607C009BF2A9 /* Base */,
			);
			name = Main.storyboard;
			sourceTree = "<group>";
		};
		59761C2C208F607D009BF2A9 /* LaunchScreen.storyboard */ = {
			isa = PBXVariantGroup;
			children = (
				59761C2D208F607D009BF2A9 /* Base */,
			);
			name = LaunchScreen.storyboard;
			sourceTree = "<group>";
		};
/* End PBXVariantGroup section */

/* Begin XCBuildConfiguration section */
		59761C30208F607D009BF2A9 /* Debug */ = {
			isa = XCBuildConfiguration;
			buildSettings = {
				ALWAYS_SEARCH_USER_PATHS = NO;
				CLANG_ANALYZER_NONNULL = YES;
				CLANG_ANALYZER_NUMBER_OBJECT_CONVERSION = YES_AGGRESSIVE;
				CLANG_CXX_LANGUAGE_STANDARD = "gnu++14";
				CLANG_CXX_LIBRARY = "libc++";
				CLANG_ENABLE_MODULES = YES;
				CLANG_ENABLE_OBJC_ARC = YES;
				CLANG_ENABLE_OBJC_WEAK = YES;
				CLANG_WARN_BLOCK_CAPTURE_AUTORELEASING = YES;
				CLANG_WARN_BOOL_CONVERSION = YES;
				CLANG_WARN_COMMA = YES;
				CLANG_WARN_CONSTANT_CONVERSION = YES;
				CLANG_WARN_DEPRECATED_OBJC_IMPLEMENTATIONS = YES;
				CLANG_WARN_DIRECT_OBJC_ISA_USAGE = YES_ERROR;
				CLANG_WARN_DOCUMENTATION_COMMENTS = YES;
				CLANG_WARN_EMPTY_BODY = YES;
				CLANG_WARN_ENUM_CONVERSION = YES;
				CLANG_WARN_INFINITE_RECURSION = YES;
				CLANG_WARN_INT_CONVERSION = YES;
				CLANG_WARN_NON_LITERAL_NULL_CONVERSION = YES;
				CLANG_WARN_OBJC_IMPLICIT_RETAIN_SELF = YES;
				CLANG_WARN_OBJC_LITERAL_CONVERSION = YES;
				CLANG_WARN_OBJC_ROOT_CLASS = YES_ERROR;
				CLANG_WARN_RANGE_LOOP_ANALYSIS = YES;
				CLANG_WARN_STRICT_PROTOTYPES = YES;
				CLANG_WARN_SUSPICIOUS_MOVE = YES;
				CLANG_WARN_UNGUARDED_AVAILABILITY = YES_AGGRESSIVE;
				CLANG_WARN_UNREACHABLE_CODE = YES;
				CLANG_WARN__DUPLICATE_METHOD_MATCH = YES;
				CODE_SIGN_IDENTITY = "iPhone Developer";
				COPY_PHASE_STRIP = NO;
				DEBUG_INFORMATION_FORMAT = dwarf;
				ENABLE_STRICT_OBJC_MSGSEND = YES;
				ENABLE_TESTABILITY = YES;
				GCC_C_LANGUAGE_STANDARD = gnu11;
				GCC_DYNAMIC_NO_PIC = NO;
				GCC_NO_COMMON_BLOCKS = YES;
				GCC_OPTIMIZATION_LEVEL = 0;
				GCC_PREPROCESSOR_DEFINITIONS = (
					"DEBUG=1",
					"$(inherited)",
				);
				GCC_WARN_64_TO_32_BIT_CONVERSION = YES;
				GCC_WARN_ABOUT_RETURN_TYPE = YES_ERROR;
				GCC_WARN_UNDECLARED_SELECTOR = YES;
				GCC_WARN_UNINITIALIZED_AUTOS = YES_AGGRESSIVE;
				GCC_WARN_UNUSED_FUNCTION = YES;
				GCC_WARN_UNUSED_VARIABLE = YES;
				IPHONEOS_DEPLOYMENT_TARGET = 11.3;
				MTL_ENABLE_DEBUG_INFO = YES;
				ONLY_ACTIVE_ARCH = YES;
				SDKROOT = iphoneos;
				SWIFT_ACTIVE_COMPILATION_CONDITIONS = DEBUG;
				SWIFT_OPTIMIZATION_LEVEL = "-Onone";
			};
			name = Debug;
		};
		59761C31208F607D009BF2A9 /* Release */ = {
			isa = XCBuildConfiguration;
			buildSettings = {
				ALWAYS_SEARCH_USER_PATHS = NO;
				CLANG_ANALYZER_NONNULL = YES;
				CLANG_ANALYZER_NUMBER_OBJECT_CONVERSION = YES_AGGRESSIVE;
				CLANG_CXX_LANGUAGE_STANDARD = "gnu++14";
				CLANG_CXX_LIBRARY = "libc++";
				CLANG_ENABLE_MODULES = YES;
				CLANG_ENABLE_OBJC_ARC = YES;
				CLANG_ENABLE_OBJC_WEAK = YES;
				CLANG_WARN_BLOCK_CAPTURE_AUTORELEASING = YES;
				CLANG_WARN_BOOL_CONVERSION = YES;
				CLANG_WARN_COMMA = YES;
				CLANG_WARN_CONSTANT_CONVERSION = YES;
				CLANG_WARN_DEPRECATED_OBJC_IMPLEMENTATIONS = YES;
				CLANG_WARN_DIRECT_OBJC_ISA_USAGE = YES_ERROR;
				CLANG_WARN_DOCUMENTATION_COMMENTS = YES;
				CLANG_WARN_EMPTY_BODY = YES;
				CLANG_WARN_ENUM_CONVERSION = YES;
				CLANG_WARN_INFINITE_RECURSION = YES;
				CLANG_WARN_INT_CONVERSION = YES;
				CLANG_WARN_NON_LITERAL_NULL_CONVERSION = YES;
				CLANG_WARN_OBJC_IMPLICIT_RETAIN_SELF = YES;
				CLANG_WARN_OBJC_LITERAL_CONVERSION = YES;
				CLANG_WARN_OBJC_ROOT_CLASS = YES_ERROR;
				CLANG_WARN_RANGE_LOOP_ANALYSIS = YES;
				CLANG_WARN_STRICT_PROTOTYPES = YES;
				CLANG_WARN_SUSPICIOUS_MOVE = YES;
				CLANG_WARN_UNGUARDED_AVAILABILITY = YES_AGGRESSIVE;
				CLANG_WARN_UNREACHABLE_CODE = YES;
				CLANG_WARN__DUPLICATE_METHOD_MATCH = YES;
				CODE_SIGN_IDENTITY = "iPhone Developer";
				COPY_PHASE_STRIP = NO;
				DEBUG_INFORMATION_FORMAT = "dwarf-with-dsym";
				ENABLE_NS_ASSERTIONS = NO;
				ENABLE_STRICT_OBJC_MSGSEND = YES;
				GCC_C_LANGUAGE_STANDARD = gnu11;
				GCC_NO_COMMON_BLOCKS = YES;
				GCC_WARN_64_TO_32_BIT_CONVERSION = YES;
				GCC_WARN_ABOUT_RETURN_TYPE = YES_ERROR;
				GCC_WARN_UNDECLARED_SELECTOR = YES;
				GCC_WARN_UNINITIALIZED_AUTOS = YES_AGGRESSIVE;
				GCC_WARN_UNUSED_FUNCTION = YES;
				GCC_WARN_UNUSED_VARIABLE = YES;
				IPHONEOS_DEPLOYMENT_TARGET = 11.3;
				MTL_ENABLE_DEBUG_INFO = NO;
				SDKROOT = iphoneos;
				SWIFT_COMPILATION_MODE = wholemodule;
				SWIFT_OPTIMIZATION_LEVEL = "-O";
				VALIDATE_PRODUCT = YES;
			};
			name = Release;
		};
		59761C33208F607D009BF2A9 /* Debug */ = {
			isa = XCBuildConfiguration;
			baseConfigurationReference = 69E3DFED8C372AFE8CC38FEE /* Pods-AlamofireLab.debug.xcconfig */;
			buildSettings = {
				ASSETCATALOG_COMPILER_APPICON_NAME = AppIcon;
				CODE_SIGN_STYLE = Automatic;
				INFOPLIST_FILE = AlamofireLab/Info.plist;
				LD_RUNPATH_SEARCH_PATHS = (
					"$(inherited)",
					"@executable_path/Frameworks",
				);
				PRODUCT_BUNDLE_IDENTIFIER = com.asus.AlamofireLab;
				PRODUCT_NAME = "$(TARGET_NAME)";
				SWIFT_VERSION = 4.0;
				TARGETED_DEVICE_FAMILY = "1,2";
			};
			name = Debug;
		};
		59761C34208F607D009BF2A9 /* Release */ = {
			isa = XCBuildConfiguration;
			baseConfigurationReference = F0888C4D33CF66434E3ADCA9 /* Pods-AlamofireLab.release.xcconfig */;
			buildSettings = {
				ASSETCATALOG_COMPILER_APPICON_NAME = AppIcon;
				CODE_SIGN_STYLE = Automatic;
				INFOPLIST_FILE = AlamofireLab/Info.plist;
				LD_RUNPATH_SEARCH_PATHS = (
					"$(inherited)",
					"@executable_path/Frameworks",
				);
				PRODUCT_BUNDLE_IDENTIFIER = com.asus.AlamofireLab;
				PRODUCT_NAME = "$(TARGET_NAME)";
				SWIFT_VERSION = 4.0;
				TARGETED_DEVICE_FAMILY = "1,2";
			};
			name = Release;
		};
/* End XCBuildConfiguration section */

/* Begin XCConfigurationList section */
		59761C18208F607C009BF2A9 /* Build configuration list for PBXProject "AlamofireLab" */ = {
			isa = XCConfigurationList;
			buildConfigurations = (
				59761C30208F607D009BF2A9 /* Debug */,
				59761C31208F607D009BF2A9 /* Release */,
			);
			defaultConfigurationIsVisible = 0;
			defaultConfigurationName = Release;
		};
		59761C32208F607D009BF2A9 /* Build configuration list for PBXNativeTarget "AlamofireLab" */ = {
			isa = XCConfigurationList;
			buildConfigurations = (
				59761C33208F607D009BF2A9 /* Debug */,
				59761C34208F607D009BF2A9 /* Release */,
			);
			defaultConfigurationIsVisible = 0;
			defaultConfigurationName = Release;
		};
/* End XCConfigurationList section */

/* Begin XCVersionGroup section */
		59761C27208F607C009BF2A9 /* AlamofireLab.xcdatamodeld */ = {
			isa = XCVersionGroup;
			children = (
				59761C28208F607C009BF2A9 /* AlamofireLab.xcdatamodel */,
			);
			currentVersion = 59761C28208F607C009BF2A9 /* AlamofireLab.xcdatamodel */;
			path = AlamofireLab.xcdatamodeld;
			sourceTree = "<group>";
			versionGroupType = wrapper.xcdatamodel;
		};
/* End XCVersionGroup section */
	};
	rootObject = 59761C15208F607C009BF2A9 /* Project object */;
}
